lockfile_version: '1'
generated_at: '2026-08-09T03:27:55.169439+00:00'
dependencies: []
deployments:
- kind: project-relative
  target: agents
  value: .agents/skills/harness-creator
  runtime: null
  scope: project
  owners:
  - .
  active_owner: .
  content_hash: null
- kind: project-relative
  target: agents
  value: .agents/skills/harness-creator/NOTICE.md
  runtime: null
  scope: project
  owners:
  - .
  active_owner: .
  content_hash: sha256:9ae835232d51bf0b91000e853aa7145b67b46a20d8ad36130ab01505e167ebfd
- kind: project-relative
  target: agents
  value: .agents/skills/harness-creator/SKILL.md
  runtime: null
  scope: project
  owners:
  - .
  active_owner: .
  content_hash: sha256:4a7f8a3ed1fb0d2663c534dd9e879a029e8e67a04f30a4e45e0eb83309677927
- kind: project-relative
  target: agents
  value: .agents/skills/harness-creator/references/gotchas.md
  runtime: null
  scope: project
  owners:
  - .
  active_owner: .
  content_hash: sha256:a178dbec42b183e0192747d9e8a980de5ff714f42c922d67f37d90d0b98d6678
- kind: project-relative
  target: agents
  value: .agents/skills/harness-creator/references/lifecycle-bootstrap-pattern.md
  runtime: null
  scope: project
  owners:
  - .
  active_owner: .
  content_hash: sha256:cc6fb741204e31d412296369310be5dec4ce196a41ce37c8381dd65a8a77e899
- kind: project-relative
  target: agents
  value: .agents/skills/harness-creator/references/skill-runtime-pattern.md
  runtime: null
  scope: project
  owners:
  - .
  active_owner: .
  content_hash: sha256:3a251cccfd50280f4df8a0218206fd9151b1da37d2123cd987845537cfb77042
- kind: project-relative
  target: agents
  value: .agents/skills/harness-creator/scripts/create-harness.mjs
  runtime: null
  scope: project
  owners:
  - .
  active_owner: .
  content_hash: sha256:669e1696e4f257f35e8751987640b38cc007ddbdf2909af5d66950abcb892df8
- kind: project-relative
  target: agents
  value: .agents/skills/harness-creator/scripts/lib/harness-utils.mjs
  runtime: null
  scope: project
  owners:
  - .
  active_owner: .
  content_hash: sha256:b3bf4c1f3d213ac76fb0fcc7dfcc11e32ce986d37cb629296ece331de41cccec
- kind: project-relative
  target: agents
  value: .agents/skills/harness-creator/templates/agents.md
  runtime: null
  scope: project
  owners:
  - .
  active_owner: .
  content_hash: sha256:fe1856ff152fedc1fca4f677731932ae2cd3119e09633e17598c992b14c9a6e9
- kind: project-relative
  target: agents
  value: .agents/skills/harness-creator/templates/feature-list.json
  runtime: null
  scope: project
  owners:
  - .
  active_owner: .
  content_hash: sha256:51cf688c4168f2b5755e155fd4d9be5a9319bbdf25a7f5cf45e610a29358a5fd
- kind: project-relative
  target: agents
  value: .agents/skills/harness-creator/templates/feature-list.schema.json
  runtime: null
  scope: project
  owners:
  - .
  active_owner: .
  content_hash: sha256:a053b3f1dcdc591183cbcee7801ad3181f1cc707b0a39fe1d13cd24fabbbcfc1
- kind: project-relative
  target: agents
  value: .agents/skills/harness-creator/templates/init.sh
  runtime: null
  scope: project
  owners:
  - .
  active_owner: .
  content_hash: sha256:bf40f407952db556bb8ab90bc6ddbb5cc4d2556220eb99db640dd565a03551e8
- kind: project-relative
  target: agents
  value: .agents/skills/harness-creator/templates/progress.md
  runtime: null
  scope: project
  owners:
  - .
  active_owner: .
  content_hash: sha256:3e2e9dc457c414c867640cc354c176d4e3ef0266c54621343ca6ec4361f86a23
- kind: project-relative
  target: agents
  value: .agents/skills/harness-creator/templates/session-handoff.md
  runtime: null
  scope: project
  owners:
  - .
  active_owner: .
  content_hash: sha256:bf5b8872fac9161fcb922050302af90d151e8e2a615ca4177631b1ee89fd9467
- kind: project-relative
  target: claude
  value: .claude/commands/grooming.md
  runtime: null
  scope: project
  owners:
  - .
  active_owner: .
  content_hash: sha256:46fc37584f5779f73fafb031f17457938f7b9d864a6e61a04d3e3725c1fa1e90
- kind: project-relative
  target: claude
  value: .claude/skills/harness-creator
  runtime: null
  scope: project
  owners:
  - .
  active_owner: .
  content_hash: null
- kind: project-relative
  target: claude
  value: .claude/skills/harness-creator/NOTICE.md
  runtime: null
  scope: project
  owners:
  - .
  active_owner: .
  content_hash: sha256:9ae835232d51bf0b91000e853aa7145b67b46a20d8ad36130ab01505e167ebfd
- kind: project-relative
  target: claude
  value: .claude/skills/harness-creator/SKILL.md
  runtime: null
  scope: project
  owners:
  - .
  active_owner: .
  content_hash: sha256:4a7f8a3ed1fb0d2663c534dd9e879a029e8e67a04f30a4e45e0eb83309677927
- kind: project-relative
  target: claude
  value: .claude/skills/harness-creator/references/gotchas.md
  runtime: null
  scope: project
  owners:
  - .
  active_owner: .
  content_hash: sha256:a178dbec42b183e0192747d9e8a980de5ff714f42c922d67f37d90d0b98d6678
- kind: project-relative
  target: claude
  value: .claude/skills/harness-creator/references/lifecycle-bootstrap-pattern.md
  runtime: null
  scope: project
  owners:
  - .
  active_owner: .
  content_hash: sha256:cc6fb741204e31d412296369310be5dec4ce196a41ce37c8381dd65a8a77e899
- kind: project-relative
  target: claude
  value: .claude/skills/harness-creator/references/skill-runtime-pattern.md
  runtime: null
  scope: project
  owners:
  - .
  active_owner: .
  content_hash: sha256:3a251cccfd50280f4df8a0218206fd9151b1da37d2123cd987845537cfb77042
- kind: project-relative
  target: claude
  value: .claude/skills/harness-creator/scripts/create-harness.mjs
  runtime: null
  scope: project
  owners:
  - .
  active_owner: .
  content_hash: sha256:669e1696e4f257f35e8751987640b38cc007ddbdf2909af5d66950abcb892df8
- kind: project-relative
  target: claude
  value: .claude/skills/harness-creator/scripts/lib/harness-utils.mjs
  runtime: null
  scope: project
  owners:
  - .
  active_owner: .
  content_hash: sha256:b3bf4c1f3d213ac76fb0fcc7dfcc11e32ce986d37cb629296ece331de41cccec
- kind: project-relative
  target: claude
  value: .claude/skills/harness-creator/templates/agents.md
  runtime: null
  scope: project
  owners:
  - .
  active_owner: .
  content_hash: sha256:fe1856ff152fedc1fca4f677731932ae2cd3119e09633e17598c992b14c9a6e9
- kind: project-relative
  target: claude
  value: .claude/skills/harness-creator/templates/feature-list.json
  runtime: null
  scope: project
  owners:
  - .
  active_owner: .
  content_hash: sha256:51cf688c4168f2b5755e155fd4d9be5a9319bbdf25a7f5cf45e610a29358a5fd
- kind: project-relative
  target: claude
  value: .claude/skills/harness-creator/templates/feature-list.schema.json
  runtime: null
  scope: project
  owners:
  - .
  active_owner: .
  content_hash: sha256:a053b3f1dcdc591183cbcee7801ad3181f1cc707b0a39fe1d13cd24fabbbcfc1
- kind: project-relative
  target: claude
  value: .claude/skills/harness-creator/templates/init.sh
  runtime: null
  scope: project
  owners:
  - .
  active_owner: .
  content_hash: sha256:bf40f407952db556bb8ab90bc6ddbb5cc4d2556220eb99db640dd565a03551e8
- kind: project-relative
  target: claude
  value: .claude/skills/harness-creator/templates/progress.md
  runtime: null
  scope: project
  owners:
  - .
  active_owner: .
  content_hash: sha256:3e2e9dc457c414c867640cc354c176d4e3ef0266c54621343ca6ec4361f86a23
- kind: project-relative
  target: claude
  value: .claude/skills/harness-creator/templates/session-handoff.md
  runtime: null
  scope: project
  owners:
  - .
  active_owner: .
  content_hash: sha256:bf5b8872fac9161fcb922050302af90d151e8e2a615ca4177631b1ee89fd9467
- kind: project-relative
  target: copilot
  value: .github/prompts/grooming.prompt.md
  runtime: null
  scope: project
  owners:
  - .
  active_owner: .
  content_hash: sha256:e7523436a1639e3f37c12942e30d975cae4da844583fdd1ed0d11a530fab47df
- kind: project-relative
  target: copilot
  value: .github/prompts/harness-creator.prompt.md
  runtime: null
  scope: project
  owners:
  - .
  active_owner: .
  content_hash: sha256:b51cd47a385b4481422e361b44f3c164d06ba9c1e52a5162ea61f11246186dd8
- kind: project-relative
  target: cursor
  value: .cursor/commands/grooming.md
  runtime: null
  scope: project
  owners:
  - .
  active_owner: .
  content_hash: sha256:46fc37584f5779f73fafb031f17457938f7b9d864a6e61a04d3e3725c1fa1e90
- kind: uri
  target: mcp
  value: atlassian
  runtime: claude
  scope: project
  owners:
  - .
  active_owner: .
  content_hash: null
- kind: uri
  target: mcp
  value: atlassian
  runtime: cursor
  scope: project
  owners:
  - .
  active_owner: .
  content_hash: null
- kind: uri
  target: mcp
  value: atlassian
  runtime: vscode
  scope: project
  owners:
  - .
  active_owner: .
  content_hash: null
- kind: uri
  target: mcp
  value: azure-devops
  runtime: claude
  scope: project
  owners:
  - .
  active_owner: .
  content_hash: null
- kind: uri
  target: mcp
  value: azure-devops
  runtime: cursor
  scope: project
  owners:
  - .
  active_owner: .
  content_hash: null
- kind: uri
  target: mcp
  value: azure-devops
  runtime: vscode
  scope: project
  owners:
  - .
  active_owner: .
  content_hash: null
mcp_servers:
- atlassian
- azure-devops
mcp_configs:
  atlassian:
    name: atlassian
    transport: http
    registry: false
    url: https://mcp.atlassian.com/v1/mcp/authv2
  azure-devops:
    name: azure-devops
    transport: stdio
    registry: false
    command: npx
    args:
    - "-y"
    - "@azure-devops/mcp"
    - adramatch
mcp_target_servers:
  claude:
  - atlassian
  - azure-devops
  cursor:
  - atlassian
  - azure-devops
  vscode:
  - atlassian
  - azure-devops
local_deployed_files:
- .agents/skills/harness-creator
- .agents/skills/harness-creator/NOTICE.md
- .agents/skills/harness-creator/SKILL.md
- .agents/skills/harness-creator/references/gotchas.md
- .agents/skills/harness-creator/references/lifecycle-bootstrap-pattern.md
- .agents/skills/harness-creator/references/skill-runtime-pattern.md
- .agents/skills/harness-creator/scripts/create-harness.mjs
- .agents/skills/harness-creator/scripts/lib/harness-utils.mjs
- .agents/skills/harness-creator/templates/agents.md
- .agents/skills/harness-creator/templates/feature-list.json
- .agents/skills/harness-creator/templates/feature-list.schema.json
- .agents/skills/harness-creator/templates/init.sh
- .agents/skills/harness-creator/templates/progress.md
- .agents/skills/harness-creator/templates/session-handoff.md
- .claude/commands/grooming.md
- .claude/skills/harness-creator
- .claude/skills/harness-creator/NOTICE.md
- .claude/skills/harness-creator/SKILL.md
- .claude/skills/harness-creator/references/gotchas.md
- .claude/skills/harness-creator/references/lifecycle-bootstrap-pattern.md
- .claude/skills/harness-creator/references/skill-runtime-pattern.md
- .claude/skills/harness-creator/scripts/create-harness.mjs
- .claude/skills/harness-creator/scripts/lib/harness-utils.mjs
- .claude/skills/harness-creator/templates/agents.md
- .claude/skills/harness-creator/templates/feature-list.json
- .claude/skills/harness-creator/templates/feature-list.schema.json
- .claude/skills/harness-creator/templates/init.sh
- .claude/skills/harness-creator/templates/progress.md
- .claude/skills/harness-creator/templates/session-handoff.md
- .cursor/commands/grooming.md
- .github/prompts/grooming.prompt.md
- .github/prompts/harness-creator.prompt.md
local_deployed_file_hashes:
  .agents/skills/harness-creator/NOTICE.md: sha256:9ae835232d51bf0b91000e853aa7145b67b46a20d8ad36130ab01505e167ebfd
  .agents/skills/harness-creator/SKILL.md: sha256:4a7f8a3ed1fb0d2663c534dd9e879a029e8e67a04f30a4e45e0eb83309677927
  .agents/skills/harness-creator/references/gotchas.md: sha256:a178dbec42b183e0192747d9e8a980de5ff714f42c922d67f37d90d0b98d6678
  .agents/skills/harness-creator/references/lifecycle-bootstrap-pattern.md: sha256:cc6fb741204e31d412296369310be5dec4ce196a41ce37c8381dd65a8a77e899
  .agents/skills/harness-creator/references/skill-runtime-pattern.md: sha256:3a251cccfd50280f4df8a0218206fd9151b1da37d2123cd987845537cfb77042
  .agents/skills/harness-creator/scripts/create-harness.mjs: sha256:669e1696e4f257f35e8751987640b38cc007ddbdf2909af5d66950abcb892df8
  .agents/skills/harness-creator/scripts/lib/harness-utils.mjs: sha256:b3bf4c1f3d213ac76fb0fcc7dfcc11e32ce986d37cb629296ece331de41cccec
  .agents/skills/harness-creator/templates/agents.md: sha256:fe1856ff152fedc1fca4f677731932ae2cd3119e09633e17598c992b14c9a6e9
  .agents/skills/harness-creator/templates/feature-list.json: sha256:51cf688c4168f2b5755e155fd4d9be5a9319bbdf25a7f5cf45e610a29358a5fd
  .agents/skills/harness-creator/templates/feature-list.schema.json: sha256:a053b3f1dcdc591183cbcee7801ad3181f1cc707b0a39fe1d13cd24fabbbcfc1
  .agents/skills/harness-creator/templates/init.sh: sha256:bf40f407952db556bb8ab90bc6ddbb5cc4d2556220eb99db640dd565a03551e8
  .agents/skills/harness-creator/templates/progress.md: sha256:3e2e9dc457c414c867640cc354c176d4e3ef0266c54621343ca6ec4361f86a23
  .agents/skills/harness-creator/templates/session-handoff.md: sha256:bf5b8872fac9161fcb922050302af90d151e8e2a615ca4177631b1ee89fd9467
  .claude/commands/grooming.md: sha256:46fc37584f5779f73fafb031f17457938f7b9d864a6e61a04d3e3725c1fa1e90
  .claude/skills/harness-creator/NOTICE.md: sha256:9ae835232d51bf0b91000e853aa7145b67b46a20d8ad36130ab01505e167ebfd
  .claude/skills/harness-creator/SKILL.md: sha256:4a7f8a3ed1fb0d2663c534dd9e879a029e8e67a04f30a4e45e0eb83309677927
  .claude/skills/harness-creator/references/gotchas.md: sha256:a178dbec42b183e0192747d9e8a980de5ff714f42c922d67f37d90d0b98d6678
  .claude/skills/harness-creator/references/lifecycle-bootstrap-pattern.md: sha256:cc6fb741204e31d412296369310be5dec4ce196a41ce37c8381dd65a8a77e899
  .claude/skills/harness-creator/references/skill-runtime-pattern.md: sha256:3a251cccfd50280f4df8a0218206fd9151b1da37d2123cd987845537cfb77042
  .claude/skills/harness-creator/scripts/create-harness.mjs: sha256:669e1696e4f257f35e8751987640b38cc007ddbdf2909af5d66950abcb892df8
  .claude/skills/harness-creator/scripts/lib/harness-utils.mjs: sha256:b3bf4c1f3d213ac76fb0fcc7dfcc11e32ce986d37cb629296ece331de41cccec
  .claude/skills/harness-creator/templates/agents.md: sha256:fe1856ff152fedc1fca4f677731932ae2cd3119e09633e17598c992b14c9a6e9
  .claude/skills/harness-creator/templates/feature-list.json: sha256:51cf688c4168f2b5755e155fd4d9be5a9319bbdf25a7f5cf45e610a29358a5fd
  .claude/skills/harness-creator/templates/feature-list.schema.json: sha256:a053b3f1dcdc591183cbcee7801ad3181f1cc707b0a39fe1d13cd24fabbbcfc1
  .claude/skills/harness-creator/templates/init.sh: sha256:bf40f407952db556bb8ab90bc6ddbb5cc4d2556220eb99db640dd565a03551e8
  .claude/skills/harness-creator/templates/progress.md: sha256:3e2e9dc457c414c867640cc354c176d4e3ef0266c54621343ca6ec4361f86a23
  .claude/skills/harness-creator/templates/session-handoff.md: sha256:bf5b8872fac9161fcb922050302af90d151e8e2a615ca4177631b1ee89fd9467
  .cursor/commands/grooming.md: sha256:46fc37584f5779f73fafb031f17457938f7b9d864a6e61a04d3e3725c1fa1e90
  .github/prompts/grooming.prompt.md: sha256:e7523436a1639e3f37c12942e30d975cae4da844583fdd1ed0d11a530fab47df
  .github/prompts/harness-creator.prompt.md: sha256:b51cd47a385b4481422e361b44f3c164d06ba9c1e52a5162ea61f11246186dd8
